// !$*UTF8*$!
{
	archiveVersion = 1;
	classes = {
	};
	objectVersion = 56;
	objects = {

/* Begin PBXBuildFile section */
		F7678EC22B96212700045D38 /* NewsMVRApp.swift in Sources */ = {isa = PBXBuildFile; fileRef = F7678EC12B96212700045D38 /* NewsMVRApp.swift */; };
		F7678EC42B96212700045D38 /* NewsListView.swift in Sources */ = {isa = PBXBuildFile; fileRef = F7678EC32B96212700045D38 /* NewsListView.swift */; };
		F7678EC62B96212800045D38 /* Assets.xcassets in Resources */ = {isa = PBXBuildFile; fileRef = F7678EC52B96212800045D38 /* Assets.xcassets */; };
		F7678EC92B96212800045D38 /* Preview Assets.xcassets in Resources */ = {isa = PBXBuildFile; fileRef = F7678EC82B96212800045D38 /* Preview Assets.xcassets */; };
		F7678ED02B96218B00045D38 /* NewsArticle.swift in Sources */ = {isa = PBXBuildFile; fileRef = F7678ECF2B96218B00045D38 /* NewsArticle.swift */; };
		F7678ED22B9621D400045D38 /* NewsRepository.swift in Sources */ = {isa = PBXBuildFile; fileRef = F7678ED12B9621D400045D38 /* NewsRepository.swift */; };
		F7FA75302B96CC750023245E /* ViewA.swift in Sources */ = {isa = PBXBuildFile; fileRef = F7FA752F2B96CC750023245E /* ViewA.swift */; };
		F7FA75322B96CC8E0023245E /* ViewB.swift in Sources */ = {isa = PBXBuildFile; fileRef = F7FA75312B96CC8E0023245E /* ViewB.swift */; };
		F7FA75342B96CE0E0023245E /* RouterView.swift in Sources */ = {isa = PBXBuildFile; fileRef = F7FA75332B96CE0E0023245E /* RouterView.swift */; };
		F7FA75362B96D74A0023245E /* Router.swift in Sources */ = {isa = PBXBuildFile; fileRef = F7FA75352B96D74A0023245E /* Router.swift */; };
		F7FA75382B96D98C0023245E /* ViewBuilderBootcamp.swift in Sources */ = {isa = PBXBuildFile; fileRef = F7FA75372B96D98C0023245E /* ViewBuilderBootcamp.swift */; };
		F7FA753A2B9717F80023245E /* ViewC.swift in Sources */ = {isa = PBXBuildFile; fileRef = F7FA75392B9717F80023245E /* ViewC.swift */; };
/* End PBXBuildFile section */

/* Begin PBXFileReference section */
		F7678EBE2B96212700045D38 /* NewsMVR.app */ = {isa = PBXFileReference; explicitFileType = wrapper.application; includeInIndex = 0; path = NewsMVR.app; sourceTree = BUILT_PRODUCTS_DIR; };
		F7678EC12B96212700045D38 /* NewsMVRApp.swift */ = {isa = PBXFileReference; lastKnownFileType = sourcecode.swift; path = NewsMVRApp.swift; sourceTree = "<group>"; };
		F7678EC32B96212700045D38 /* NewsListView.swift */ = {isa = PBXFileReference; lastKnownFileType = sourcecode.swift; path = NewsListView.swift; sourceTree = "<group>"; };
		F7678EC52B96212800045D38 /* Assets.xcassets */ = {isa = PBXFileReference; lastKnownFileType = folder.assetcatalog; path = Assets.xcassets; sourceTree = "<group>"; };
		F7678EC82B96212800045D38 /* Preview Assets.xcassets */ = {isa = PBXFileReference; lastKnownFileType = folder.assetcatalog; path = "Preview Assets.xcassets"; sourceTree = "<group>"; };
		F7678ECF2B96218B00045D38 /* NewsArticle.swift */ = {isa = PBXFileReference; lastKnownFileType = sourcecode.swift; path = NewsArticle.swift; sourceTree = "<group>"; };
		F7678ED12B9621D400045D38 /* NewsRepository.swift */ = {isa = PBXFileReference; lastKnownFileType = sourcecode.swift; path = NewsRepository.swift; sourceTree = "<group>"; };
		F7FA752F2B96CC750023245E /* ViewA.swift */ = {isa = PBXFileReference; lastKnownFileType = sourcecode.swift; path = ViewA.swift; sourceTree = "<group>"; };
		F7FA75312B96CC8E0023245E /* ViewB.swift */ = {isa = PBXFileReference; lastKnownFileType = sourcecode.swift; path = ViewB.swift; sourceTree = "<group>"; };
		F7FA75332B96CE0E0023245E /* RouterView.swift */ = {isa = PBXFileReference; lastKnownFileType = sourcecode.swift; path = RouterView.swift; sourceTree = "<group>"; };
		F7FA75352B96D74A0023245E /* Router.swift */ = {isa = PBXFileReference; lastKnownFileType = sourcecode.swift; path = Router.swift; sourceTree = "<group>"; };
		F7FA75372B96D98C0023245E /* ViewBuilderBootcamp.swift */ = {isa = PBXFileReference; lastKnownFileType = sourcecode.swift; path = ViewBuilderBootcamp.swift; sourceTree = "<group>"; };
		F7FA75392B9717F80023245E /* ViewC.swift */ = {isa = PBXFileReference; lastKnownFileType = sourcecode.swift; path = ViewC.swift; sourceTree = "<group>"; };
/* End PBXFileReference section */

/* Begin PBXFrameworksBuildPhase section */
		F7678EBB2B96212700045D38 /* Frameworks */ = {
			isa = PBXFrameworksBuildPhase;
			buildActionMask = 2147483647;
			files = (
			);
			runOnlyForDeploymentPostprocessing = 0;
		};
/* End PBXFrameworksBuildPhase section */

/* Begin PBXGroup section */
		F7678EB52B96212600045D38 = {
			isa = PBXGroup;
			children = (
				F7678EC02B96212700045D38 /* NewsMVR */,
				F7678EBF2B96212700045D38 /* Products */,
			);
			sourceTree = "<group>";
		};
		F7678EBF2B96212700045D38 /* Products */ = {
			isa = PBXGroup;
			children = (
				F7678EBE2B96212700045D38 /* NewsMVR.app */,
			);
			name = Products;
			sourceTree = "<group>";
		};
		F7678EC02B96212700045D38 /* NewsMVR */ = {
			isa = PBXGroup;
			children = (
				F7678EC12B96212700045D38 /* NewsMVRApp.swift */,
				F7678EC32B96212700045D38 /* NewsListView.swift */,
				F7678EC52B96212800045D38 /* Assets.xcassets */,
				F7678EC72B96212800045D38 /* Preview Content */,
				F7678ECF2B96218B00045D38 /* NewsArticle.swift */,
				F7678ED12B9621D400045D38 /* NewsRepository.swift */,
				F7FA752F2B96CC750023245E /* ViewA.swift */,
				F7FA75312B96CC8E0023245E /* ViewB.swift */,
				F7FA75392B9717F80023245E /* ViewC.swift */,
				F7FA75332B96CE0E0023245E /* RouterView.swift */,
				F7FA75352B96D74A0023245E /* Router.swift */,
				F7FA75372B96D98C0023245E /* ViewBuilderBootcamp.swift */,
			);
			path = NewsMVR;
			sourceTree = "<group>";
		};
		F7678EC72B96212800045D38 /* Preview Content */ = {
			isa = PBXGroup;
			children = (
				F7678EC82B96212800045D38 /* Preview Assets.xcassets */,
			);
			path = "Preview Content";
			sourceTree = "<group>";
		};
/* End PBXGroup section */

/* Begin PBXNativeTarget section */
		F7678EBD2B96212700045D38 /* NewsMVR */ = {
			isa = PBXNativeTarget;
			buildConfigurationList = F7678ECC2B96212800045D38 /* Build configuration list for PBXNativeTarget "NewsMVR" */;
			buildPhases = (
				F7678EBA2B96212700045D38 /* Sources */,
				F7678EBB2B96212700045D38 /* Frameworks */,
				F7678EBC2B96212700045D38 /* Resources */,
			);
			buildRules = (
			);
			dependencies = (
			);
			name = NewsMVR;
			productName = NewsMVR;
			productReference = F7678EBE2B96212700045D38 /* NewsMVR.app */;
			productType = "com.apple.product-type.application";
		};
/* End PBXNativeTarget section */

/* Begin PBXProject section */
		F7678EB62B96212600045D38 /* Project object */ = {
			isa = PBXProject;
			attributes = {
				BuildIndependentTargetsInParallel = 1;
				LastSwiftUpdateCheck = 1520;
				LastUpgradeCheck = 1520;
				TargetAttributes = {
					F7678EBD2B96212700045D38 = {
						CreatedOnToolsVersion = 15.2;
					};
				};
			};
			buildConfigurationList = F7678EB92B96212600045D38 /* Build configuration list for PBXProject "NewsMVR" */;
			compatibilityVersion = "Xcode 14.0";
			developmentRegion = en;
			hasScannedForEncodings = 0;
			knownRegions = (
				en,
				Base,
			);
			mainGroup = F7678EB52B96212600045D38;
			productRefGroup = F7678EBF2B96212700045D38 /* Products */;
			projectDirPath = "";
			projectRoot = "";
			targets = (
				F7678EBD2B96212700045D38 /* NewsMVR */,
			);
		};
/* End PBXProject section */

/* Begin PBXResourcesBuildPhase section */
		F7678EBC2B96212700045D38 /* Resources */ = {
			isa = PBXResourcesBuildPhase;
			buildActionMask = 2147483647;
			files = (
				F7678EC92B96212800045D38 /* Preview Assets.xcassets in Resources */,
				F7678EC62B96212800045D38 /* Assets.xcassets in Resources */,
			);
			runOnlyForDeploymentPostprocessing = 0;
		};
/* End PBXResourcesBuildPhase section */

/* Begin PBXSourcesBuildPhase section */
		F7678EBA2B96212700045D38 /* Sources */ = {
			isa = PBXSourcesBuildPhase;
			buildActionMask = 2147483647;
			files = (
				F7FA75362B96D74A0023245E /* Router.swift in Sources */,
				F7FA75302B96CC750023245E /* ViewA.swift in Sources */,
				F7FA753A2B9717F80023245E /* ViewC.swift in Sources */,
				F7FA75322B96CC8E0023245E /* ViewB.swift in Sources */,
				F7FA75342B96CE0E0023245E /* RouterView.swift in Sources */,
				F7678ED22B9621D400045D38 /* NewsRepository.swift in Sources */,
				F7FA75382B96D98C0023245E /* ViewBuilderBootcamp.swift in Sources */,
				F7678EC42B96212700045D38 /* NewsListView.swift in Sources */,
				F7678ED02B96218B00045D38 /* NewsArticle.swift in Sources */,
				F7678EC22B96212700045D38 /* NewsMVRApp.swift in Sources */,
			);
			runOnlyForDeploymentPostprocessing = 0;
		};
/* End PBXSourcesBuildPhase section */

/* Begin XCBuildConfiguration section */
		F7678ECA2B96212800045D38 /* Debug */ = {
			isa = XCBuildConfiguration;
			buildSettings = {
				ALWAYS_SEARCH_USER_PATHS = NO;
				ASSETCATALOG_COMPILER_GENERATE_SWIFT_ASSET_SYMBOL_EXTENSIONS = YES;
				CLANG_ANALYZER_NONNULL = YES;
				CLANG_ANALYZER_NUMBER_OBJECT_CONVERSION = YES_AGGRESSIVE;
				CLANG_CXX_LANGUAGE_STANDARD = "gnu++20";
				CLANG_ENABLE_MODULES = YES;
				CLANG_ENABLE_OBJC_ARC = YES;
				CLANG_ENABLE_OBJC_WEAK = YES;
				CLANG_WARN_BLOCK_CAPTURE_AUTORELEASING = YES;
				CLANG_WARN_BOOL_CONVERSION = YES;
				CLANG_WARN_COMMA = YES;
				CLANG_WARN_CONSTANT_CONVERSION = YES;
				CLANG_WARN_DEPRECATED_OBJC_IMPLEMENTATIONS = YES;
				CLANG_WARN_DIRECT_OBJC_ISA_USAGE = YES_ERROR;
				CLANG_WARN_DOCUMENTATION_COMMENTS = YES;
				CLANG_WARN_EMPTY_BODY = YES;
				CLANG_WARN_ENUM_CONVERSION = YES;
				CLANG_WARN_INFINITE_RECURSION = YES;
				CLANG_WARN_INT_CONVERSION = YES;
				CLANG_WARN_NON_LITERAL_NULL_CONVERSION = YES;
				CLANG_WARN_OBJC_IMPLICIT_RETAIN_SELF = YES;
				CLANG_WARN_OBJC_LITERAL_CONVERSION = YES;
				CLANG_WARN_OBJC_ROOT_CLASS = YES_ERROR;
				CLANG_WARN_QUOTED_INCLUDE_IN_FRAMEWORK_HEADER = YES;
				CLANG_WARN_RANGE_LOOP_ANALYSIS = YES;
				CLANG_WARN_STRICT_PROTOTYPES = YES;
				CLANG_WARN_SUSPICIOUS_MOVE = YES;
				CLANG_WARN_UNGUARDED_AVAILABILITY = YES_AGGRESSIVE;
				CLANG_WARN_UNREACHABLE_CODE = YES;
				CLANG_WARN__DUPLICATE_METHOD_MATCH = YES;
				COPY_PHASE_STRIP = NO;
				DEBUG_INFORMATION_FORMAT = dwarf;
				ENABLE_STRICT_OBJC_MSGSEND = YES;
				ENABLE_TESTABILITY = YES;
				ENABLE_USER_SCRIPT_SANDBOXING = YES;
				GCC_C_LANGUAGE_STANDARD = gnu17;
				GCC_DYNAMIC_NO_PIC = NO;
				GCC_NO_COMMON_BLOCKS = YES;
				GCC_OPTIMIZATION_LEVEL = 0;
				GCC_PREPROCESSOR_DEFINITIONS = (
					"DEBUG=1",
					"$(inherited)",
				);
				GCC_WARN_64_TO_32_BIT_CONVERSION = YES;
				GCC_WARN_ABOUT_RETURN_TYPE = YES_ERROR;
				GCC_WARN_UNDECLARED_SELECTOR = YES;
				GCC_WARN_UNINITIALIZED_AUTOS = YES_AGGRESSIVE;
				GCC_WARN_UNUSED_FUNCTION = YES;
				GCC_WARN_UNUSED_VARIABLE = YES;
				IPHONEOS_DEPLOYMENT_TARGET = 17.2;
				LOCALIZATION_PREFERS_STRING_CATALOGS = YES;
				MTL_ENABLE_DEBUG_INFO = INCLUDE_SOURCE;
				MTL_FAST_MATH = YES;
				ONLY_ACTIVE_ARCH = YES;
				SDKROOT = iphoneos;
				SWIFT_ACTIVE_COMPILATION_CONDITIONS = "DEBUG $(inherited)";
				SWIFT_OPTIMIZATION_LEVEL = "-Onone";
			};
			name = Debug;
		};
		F7678ECB2B96212800045D38 /* Release */ = {
			isa = XCBuildConfiguration;
			buildSettings = {
				ALWAYS_SEARCH_USER_PATHS = NO;
				ASSETCATALOG_COMPILER_GENERATE_SWIFT_ASSET_SYMBOL_EXTENSIONS = YES;
				CLANG_ANALYZER_NONNULL = YES;
				CLANG_ANALYZER_NUMBER_OBJECT_CONVERSION = YES_AGGRESSIVE;
				CLANG_CXX_LANGUAGE_STANDARD = "gnu++20";
				CLANG_ENABLE_MODULES = YES;
				CLANG_ENABLE_OBJC_ARC = YES;
				CLANG_ENABLE_OBJC_WEAK = YES;
				CLANG_WARN_BLOCK_CAPTURE_AUTORELEASING = YES;
				CLANG_WARN_BOOL_CONVERSION = YES;
				CLANG_WARN_COMMA = YES;
				CLANG_WARN_CONSTANT_CONVERSION = YES;
				CLANG_WARN_DEPRECATED_OBJC_IMPLEMENTATIONS = YES;
				CLANG_WARN_DIRECT_OBJC_ISA_USAGE = YES_ERROR;
				CLANG_WARN_DOCUMENTATION_COMMENTS = YES;
				CLANG_WARN_EMPTY_BODY = YES;
				CLANG_WARN_ENUM_CONVERSION = YES;
				CLANG_WARN_INFINITE_RECURSION = YES;
				CLANG_WARN_INT_CONVERSION = YES;
				CLANG_WARN_NON_LITERAL_NULL_CONVERSION = YES;
				CLANG_WARN_OBJC_IMPLICIT_RETAIN_SELF = YES;
				CLANG_WARN_OBJC_LITERAL_CONVERSION = YES;
				CLANG_WARN_OBJC_ROOT_CLASS = YES_ERROR;
				CLANG_WARN_QUOTED_INCLUDE_IN_FRAMEWORK_HEADER = YES;
				CLANG_WARN_RANGE_LOOP_ANALYSIS = YES;
				CLANG_WARN_STRICT_PROTOTYPES = YES;
				CLANG_WARN_SUSPICIOUS_MOVE = YES;
				CLANG_WARN_UNGUARDED_AVAILABILITY = YES_AGGRESSIVE;
				CLANG_WARN_UNREACHABLE_CODE = YES;
				CLANG_WARN__DUPLICATE_METHOD_MATCH = YES;
				COPY_PHASE_STRIP = NO;
				DEBUG_INFORMATION_FORMAT = "dwarf-with-dsym";
				ENABLE_NS_ASSERTIONS = NO;
				ENABLE_STRICT_OBJC_MSGSEND = YES;
				ENABLE_USER_SCRIPT_SANDBOXING = YES;
				GCC_C_LANGUAGE_STANDARD = gnu17;
				GCC_NO_COMMON_BLOCKS = YES;
				GCC_WARN_64_TO_32_BIT_CONVERSION = YES;
				GCC_WARN_ABOUT_RETURN_TYPE = YES_ERROR;
				GCC_WARN_UNDECLARED_SELECTOR = YES;
				GCC_WARN_UNINITIALIZED_AUTOS = YES_AGGRESSIVE;
				GCC_WARN_UNUSED_FUNCTION = YES;
				GCC_WARN_UNUSED_VARIABLE = YES;
				IPHONEOS_DEPLOYMENT_TARGET = 17.2;
				LOCALIZATION_PREFERS_STRING_CATALOGS = YES;
				MTL_ENABLE_DEBUG_INFO = NO;
				MTL_FAST_MATH = YES;
				SDKROOT = iphoneos;
				SWIFT_COMPILATION_MODE = wholemodule;
				VALIDATE_PRODUCT = YES;
			};
			name = Release;
		};
		F7678ECD2B96212800045D38 /* Debug */ = {
			isa = XCBuildConfiguration;
			buildSettings = {
				ASSETCATALOG_COMPILER_APPICON_NAME = AppIcon;
				ASSETCATALOG_COMPILER_GLOBAL_ACCENT_COLOR_NAME = AccentColor;
				CODE_SIGN_STYLE = Automatic;
				CURRENT_PROJECT_VERSION = 1;
				DEVELOPMENT_ASSET_PATHS = "\"NewsMVR/Preview Content\"";
				ENABLE_PREVIEWS = YES;
				GENERATE_INFOPLIST_FILE = YES;
				INFOPLIST_KEY_UIApplicationSceneManifest_Generation = YES;
				INFOPLIST_KEY_UIApplicationSupportsIndirectInputEvents = YES;
				INFOPLIST_KEY_UILaunchScreen_Generation = YES;
				INFOPLIST_KEY_UISupportedInterfaceOrientations_iPad = "UIInterfaceOrientationPortrait UIInterfaceOrientationPortraitUpsideDown UIInterfaceOrientationLandscapeLeft UIInterfaceOrientationLandscapeRight";
				INFOPLIST_KEY_UISupportedInterfaceOrientations_iPhone = "UIInterfaceOrientationPortrait UIInterfaceOrientationLandscapeLeft UIInterfaceOrientationLandscapeRight";
				LD_RUNPATH_SEARCH_PATHS = (
					"$(inherited)",
					"@executable_path/Frameworks",
				);
				MARKETING_VERSION = 1.0;
				PRODUCT_BUNDLE_IDENTIFIER = com.mildgrind.NewsMVR;
				PRODUCT_NAME = "$(TARGET_NAME)";
				SWIFT_EMIT_LOC_STRINGS = YES;
				SWIFT_VERSION = 5.0;
				TARGETED_DEVICE_FAMILY = "1,2";
			};
			name = Debug;
		};
		F7678ECE2B96212800045D38 /* Release */ = {
			isa = XCBuildConfiguration;
			buildSettings = {
				ASSETCATALOG_COMPILER_APPICON_NAME = AppIcon;
				ASSETCATALOG_COMPILER_GLOBAL_ACCENT_COLOR_NAME = AccentColor;
				CODE_SIGN_STYLE = Automatic;
				CURRENT_PROJECT_VERSION = 1;
				DEVELOPMENT_ASSET_PATHS = "\"NewsMVR/Preview Content\"";
				ENABLE_PREVIEWS = YES;
				GENERATE_INFOPLIST_FILE = YES;
				INFOPLIST_KEY_UIApplicationSceneManifest_Generation = YES;
				INFOPLIST_KEY_UIApplicationSupportsIndirectInputEvents = YES;
				INFOPLIST_KEY_UILaunchScreen_Generation = YES;
				INFOPLIST_KEY_UISupportedInterfaceOrientations_iPad = "UIInterfaceOrientationPortrait UIInterfaceOrientationPortraitUpsideDown UIInterfaceOrientationLandscapeLeft UIInterfaceOrientationLandscapeRight";
				INFOPLIST_KEY_UISupportedInterfaceOrientations_iPhone = "UIInterfaceOrientationPortrait UIInterfaceOrientationLandscapeLeft UIInterfaceOrientationLandscapeRight";
				LD_RUNPATH_SEARCH_PATHS = (
					"$(inherited)",
					"@executable_path/Frameworks",
				);
				MARKETING_VERSION = 1.0;
				PRODUCT_BUNDLE_IDENTIFIER = com.mildgrind.NewsMVR;
				PRODUCT_NAME = "$(TARGET_NAME)";
				SWIFT_EMIT_LOC_STRINGS = YES;
				SWIFT_VERSION = 5.0;
				TARGETED_DEVICE_FAMILY = "1,2";
			};
			name = Release;
		};
/* End XCBuildConfiguration section */

/* Begin XCConfigurationList section */
		F7678EB92B96212600045D38 /* Build configuration list for PBXProject "NewsMVR" */ = {
			isa = XCConfigurationList;
			buildConfigurations = (
				F7678ECA2B96212800045D38 /* Debug */,
				F7678ECB2B96212800045D38 /* Release */,
			);
			defaultConfigurationIsVisible = 0;
			defaultConfigurationName = Release;
		};
		F7678ECC2B96212800045D38 /* Build configuration list for PBXNativeTarget "NewsMVR" */ = {
			isa = XCConfigurationList;
			buildConfigurations = (
				F7678ECD2B96212800045D38 /* Debug */,
				F7678ECE2B96212800045D38 /* Release */,
			);
			defaultConfigurationIsVisible = 0;
			defaultConfigurationName = Release;
		};
/* End XCConfigurationList section */
	};
	rootObject = F7678EB62B96212600045D38 /* Project object */;
}
